Microsoft Visual Studio Solution File, Format Version 11.00
# Visual Studio 2008

Project("{4DA78C30-6146-FCCB-9F57-07F1B735D5C9}") = "kinect-v2-glitch-ableton", "Assembly-CSharp-firstpass.csproj", "{C1624499-102D-F92B-D4E1-2A405683F8A9}"
EndProject
Project("{4DA78C30-6146-FCCB-9F57-07F1B735D5C9}") = "kinect-v2-glitch-ableton", "Assembly-CSharp.csproj", "{713E7E0B-0DAC-F6DE-B3E8-51A3D72ABEF1}"
EndProject
Project("{4DA78C30-6146-FCCB-9F57-07F1B735D5C9}") = "kinect-v2-glitch-ableton", "Assembly-UnityScript-firstpass.unityproj", "{E20DB67D-C616-57A5-5878-21077FF88C06}"
EndProject
Project("{4DA78C30-6146-FCCB-9F57-07F1B735D5C9}") = "kinect-v2-glitch-ableton", "Assembly-UnityScript-Editor.unityproj", "{3C8B9412-2C17-73E0-7ADF-54AD2BC29D19}"
EndProject
Global
	GlobalSection(SolutionConfigurationPlatforms) = preSolution
		Debug|Any CPU = Debug|Any CPU
		Release|Any CPU = Release|Any CPU
	EndGlobalSection
	GlobalSection(ProjectConfigurationPlatforms) = postSolution
		{C1624499-102D-F92B-D4E1-2A405683F8A9}.Debug|Any CPU.ActiveCfg = Debug|Any CPU
		{C1624499-102D-F92B-D4E1-2A405683F8A9}.Debug|Any CPU.Build.0 = Debug|Any CPU
		{C1624499-102D-F92B-D4E1-2A405683F8A9}.Release|Any CPU.ActiveCfg = Release|Any CPU
		{C1624499-102D-F92B-D4E1-2A405683F8A9}.Release|Any CPU.Build.0 = Release|Any CPU
		{713E7E0B-0DAC-F6DE-B3E8-51A3D72ABEF1}.Debug|Any CPU.ActiveCfg = Debug|Any CPU
		{713E7E0B-0DAC-F6DE-B3E8-51A3D72ABEF1}.Debug|Any CPU.Build.0 = Debug|Any CPU
		{713E7E0B-0DAC-F6DE-B3E8-51A3D72ABEF1}.Release|Any CPU.ActiveCfg = Release|Any CPU
		{713E7E0B-0DAC-F6DE-B3E8-51A3D72ABEF1}.Release|Any CPU.Build.0 = Release|Any CPU
		{E20DB67D-C616-57A5-5878-21077FF88C06}.Debug|Any CPU.ActiveCfg = Debug|Any CPU
		{E20DB67D-C616-57A5-5878-21077FF88C06}.Debug|Any CPU.Build.0 = Debug|Any CPU
		{E20DB67D-C616-57A5-5878-21077FF88C06}.Release|Any CPU.ActiveCfg = Release|Any CPU
		{E20DB67D-C616-57A5-5878-21077FF88C06}.Release|Any CPU.Build.0 = Release|Any CPU
		{3C8B9412-2C17-73E0-7ADF-54AD2BC29D19}.Debug|Any CPU.ActiveCfg = Debug|Any CPU
		{3C8B9412-2C17-73E0-7ADF-54AD2BC29D19}.Debug|Any CPU.Build.0 = Debug|Any CPU
		{3C8B9412-2C17-73E0-7ADF-54AD2BC29D19}.Release|Any CPU.ActiveCfg = Release|Any CPU
		{3C8B9412-2C17-73E0-7ADF-54AD2BC29D19}.Release|Any CPU.Build.0 = Release|Any CPU
	EndGlobalSection
	GlobalSection(SolutionProperties) = preSolution
		HideSolutionNode = FALSE
	EndGlobalSection
								GlobalSection(MonoDevelopProperties) = preSolution
		StartupItem = Assembly-CSharp.csproj
		Policies = $0
		$0.TextStylePolicy = $1
		$1.inheritsSet = null
		$1.scope = text/x-csharp
		$0.CSharpFormattingPolicy = $2
		$2.inheritsSet = Mono
		$2.inheritsScope = text/x-csharp
		$2.scope = text/x-csharp
		$0.TextStylePolicy = $3
		$3.FileWidth = 120
		$3.TabWidth = 4
		$3.EolMarker = Unix
		$3.inheritsSet = Mono
		$3.inheritsScope = text/plain
		$3.scope = text/plain
	EndGlobalSection

EndGlobal
